
Microsoft Visual Studio Solution File, Format Version 12.00
# Visual Studio 15
VisualStudioVersion = 15.0.28307.757
MinimumVisualStudioVersion = 10.0.40219.1
Project("{FAE04EC0-301F-11D3-BF4B-00C04F79EFBC}") = "GerenciadorDespesas", "GerenciadorDespesas\GerenciadorDespesas.csproj", "{72FF5098-F2C6-4F69-B409-93245BB57CA3}"
EndProject
Global
	GlobalSection(SolutionConfigurationPlatforms) = preSolution
		Debug|Any CPU = Debug|Any CPU
		Release|Any CPU = Release|Any CPU
	EndGlobalSection
	GlobalSection(ProjectConfigurationPlatforms) = postSolution
		{72FF5098-F2C6-4F69-B409-93245BB57CA3}.Debug|Any CPU.ActiveCfg = Debug|Any CPU
		{72FF5098-F2C6-4F69-B409-93245BB57CA3}.Debug|Any CPU.Build.0 = Debug|Any CPU
		{72FF5098-F2C6-4F69-B409-93245BB57CA3}.Release|Any CPU.ActiveCfg = Release|Any CPU
		{72FF5098-F2C6-4F69-B409-93245BB57CA3}.Release|Any CPU.Build.0 = Release|Any CPU
	EndGlobalSection
	GlobalSection(SolutionProperties) = preSolution
		HideSolutionNode = FALSE
	EndGlobalSection
	GlobalSection(ExtensibilityGlobals) = postSolution
		SolutionGuid = {1F454261-3937-4702-B747-CEA9B65EBCE2}
	EndGlobalSection
EndGlobal
